
Microsoft Visual Studio Solution File, Format Version 12.00
# Visual Studio 15
VisualStudioVersion = 15.0.28307.1145
MinimumVisualStudioVersion = 10.0.40219.1
Project("{2150E333-8FDC-42A3-9474-1A3956D46DE8}") = "Blackjack", "Blackjack", "{14884CD2-2BCD-4435-A98A-A3A00C698D8E}"
EndProject
Project("{D954291E-2A0B-460D-934E-DC6B0785DB48}") = "Blackjack", "Blackjack\Blackjack.shproj", "{41AB8325-6683-44FD-BE43-48783629D6C8}"
EndProject
Project("{FAE04EC0-301F-11D3-BF4B-00C04F79EFBC}") = "Blackjack.Android", "Blackjack.Android\Blackjack.Android.csproj", "{598A3784-0A27-42F9-AAA3-5E935FFC9F04}"
EndProject
Project("{FAE04EC0-301F-11D3-BF4B-00C04F79EFBC}") = "Blackjack.WindowsDX", "Blackjack.WindowsDX\Blackjack.WindowsDX.csproj", "{49272653-3D08-4485-B822-1F2784833D09}"
EndProject
Project("{FAE04EC0-301F-11D3-BF4B-00C04F79EFBC}") = "Blackjack.DesktopGL", "Blackjack.DesktopGL\Blackjack.DesktopGL.csproj", "{789A07F0-1CD5-4A17-9898-DD88BF3A8AB3}"
EndProject
Project("{FAE04EC0-301F-11D3-BF4B-00C04F79EFBC}") = "Blackjack.UWP.Xaml", "Blackjack.UWP.Xaml\Blackjack.UWP.Xaml.csproj", "{5D7F90A9-30F6-4728-BD61-7757AF3EE474}"
EndProject
Project("{FAE04EC0-301F-11D3-BF4B-00C04F79EFBC}") = "Blackjack.UWP.Core", "Blackjack.UWP.Core\Blackjack.UWP.Core.csproj", "{12713473-A282-4C61-A08A-F6D2B570D589}"
EndProject
Project("{FAE04EC0-301F-11D3-BF4B-00C04F79EFBC}") = "CardsFramework.PCL", "CardsFramework\CardsFramework.PCL.csproj", "{7E41B495-D810-49EC-AB74-1435993BFE82}"
EndProject
Global
	GlobalSection(SharedMSBuildProjectFiles) = preSolution
		Blackjack\Blackjack.projitems*{12713473-a282-4c61-a08a-f6d2b570d589}*SharedItemsImports = 4
		Blackjack\Blackjack.projitems*{41ab8325-6683-44fd-be43-48783629d6c8}*SharedItemsImports = 13
		Blackjack\Blackjack.projitems*{49272653-3d08-4485-b822-1f2784833d09}*SharedItemsImports = 4
		Blackjack\Blackjack.projitems*{598a3784-0a27-42f9-aaa3-5e935ffc9f04}*SharedItemsImports = 4
		Blackjack\Blackjack.projitems*{5d7f90a9-30f6-4728-bd61-7757af3ee474}*SharedItemsImports = 4
		Blackjack\Blackjack.projitems*{789a07f0-1cd5-4a17-9898-dd88bf3a8ab3}*SharedItemsImports = 4
	EndGlobalSection
	GlobalSection(SolutionConfigurationPlatforms) = preSolution
		Debug|Any CPU = Debug|Any CPU
		Debug|ARM = Debug|ARM
		Debug|x64 = Debug|x64
		Debug|x86 = Debug|x86
		Release|Any CPU = Release|Any CPU
		Release|ARM = Release|ARM
		Release|x64 = Release|x64
		Release|x86 = Release|x86
	EndGlobalSection
	GlobalSection(ProjectConfigurationPlatforms) = postSolution
		{598A3784-0A27-42F9-AAA3-5E935FFC9F04}.Debug|Any CPU.ActiveCfg = Debug|Any CPU
		{598A3784-0A27-42F9-AAA3-5E935FFC9F04}.Debug|Any CPU.Build.0 = Debug|Any CPU
		{598A3784-0A27-42F9-AAA3-5E935FFC9F04}.Debug|Any CPU.Deploy.0 = Debug|Any CPU
		{598A3784-0A27-42F9-AAA3-5E935FFC9F04}.Debug|ARM.ActiveCfg = Debug|Any CPU
		{598A3784-0A27-42F9-AAA3-5E935FFC9F04}.Debug|ARM.Build.0 = Debug|Any CPU
		{598A3784-0A27-42F9-AAA3-5E935FFC9F04}.Debug|ARM.Deploy.0 = Debug|Any CPU
		{598A3784-0A27-42F9-AAA3-5E935FFC9F04}.Debug|x64.ActiveCfg = Debug|Any CPU
		{598A3784-0A27-42F9-AAA3-5E935FFC9F04}.Debug|x64.Build.0 = Debug|Any CPU
		{598A3784-0A27-42F9-AAA3-5E935FFC9F04}.Debug|x64.Deploy.0 = Debug|Any CPU
		{598A3784-0A27-42F9-AAA3-5E935FFC9F04}.Debug|x86.ActiveCfg = Debug|Any CPU
		{598A3784-0A27-42F9-AAA3-5E935FFC9F04}.Debug|x86.Build.0 = Debug|Any CPU
		{598A3784-0A27-42F9-AAA3-5E935FFC9F04}.Debug|x86.Deploy.0 = Debug|Any CPU
		{598A3784-0A27-42F9-AAA3-5E935FFC9F04}.Release|Any CPU.ActiveCfg = Release|Any CPU
		{598A3784-0A27-42F9-AAA3-5E935FFC9F04}.Release|Any CPU.Build.0 = Release|Any CPU
		{598A3784-0A27-42F9-AAA3-5E935FFC9F04}.Release|Any CPU.Deploy.0 = Release|Any CPU
		{598A3784-0A27-42F9-AAA3-5E935FFC9F04}.Release|ARM.ActiveCfg = Release|Any CPU
		{598A3784-0A27-42F9-AAA3-5E935FFC9F04}.Release|ARM.Build.0 = Release|Any CPU
		{598A3784-0A27-42F9-AAA3-5E935FFC9F04}.Release|ARM.Deploy.0 = Release|Any CPU
		{598A3784-0A27-42F9-AAA3-5E935FFC9F04}.Release|x64.ActiveCfg = Release|Any CPU
		{598A3784-0A27-42F9-AAA3-5E935FFC9F04}.Release|x64.Build.0 = Release|Any CPU
		{598A3784-0A27-42F9-AAA3-5E935FFC9F04}.Release|x64.Deploy.0 = Release|Any CPU
		{598A3784-0A27-42F9-AAA3-5E935FFC9F04}.Release|x86.ActiveCfg = Release|Any CPU
		{598A3784-0A27-42F9-AAA3-5E935FFC9F04}.Release|x86.Build.0 = Release|Any CPU
		{598A3784-0A27-42F9-AAA3-5E935FFC9F04}.Release|x86.Deploy.0 = Release|Any CPU
		{49272653-3D08-4485-B822-1F2784833D09}.Debug|Any CPU.ActiveCfg = Debug|Any CPU
		{49272653-3D08-4485-B822-1F2784833D09}.Debug|Any CPU.Build.0 = Debug|Any CPU
		{49272653-3D08-4485-B822-1F2784833D09}.Debug|ARM.ActiveCfg = Debug|Any CPU
		{49272653-3D08-4485-B822-1F2784833D09}.Debug|ARM.Build.0 = Debug|Any CPU
		{49272653-3D08-4485-B822-1F2784833D09}.Debug|x64.ActiveCfg = Debug|Any CPU
		{49272653-3D08-4485-B822-1F2784833D09}.Debug|x64.Build.0 = Debug|Any CPU
		{49272653-3D08-4485-B822-1F2784833D09}.Debug|x86.ActiveCfg = Debug|Any CPU
		{49272653-3D08-4485-B822-1F2784833D09}.Debug|x86.Build.0 = Debug|Any CPU
		{49272653-3D08-4485-B822-1F2784833D09}.Release|Any CPU.ActiveCfg = Release|Any CPU
		{49272653-3D08-4485-B822-1F2784833D09}.Release|Any CPU.Build.0 = Release|Any CPU
		{49272653-3D08-4485-B822-1F2784833D09}.Release|ARM.ActiveCfg = Release|Any CPU
		{49272653-3D08-4485-B822-1F2784833D09}.Release|ARM.Build.0 = Release|Any CPU
		{49272653-3D08-4485-B822-1F2784833D09}.Release|x64.ActiveCfg = Release|Any CPU
		{49272653-3D08-4485-B822-1F2784833D09}.Release|x64.Build.0 = Release|Any CPU
		{49272653-3D08-4485-B822-1F2784833D09}.Release|x86.ActiveCfg = Release|Any CPU
		{49272653-3D08-4485-B822-1F2784833D09}.Release|x86.Build.0 = Release|Any CPU
		{789A07F0-1CD5-4A17-9898-DD88BF3A8AB3}.Debug|Any CPU.ActiveCfg = Debug|Any CPU
		{789A07F0-1CD5-4A17-9898-DD88BF3A8AB3}.Debug|Any CPU.Build.0 = Debug|Any CPU
		{789A07F0-1CD5-4A17-9898-DD88BF3A8AB3}.Debug|ARM.ActiveCfg = Debug|Any CPU
		{789A07F0-1CD5-4A17-9898-DD88BF3A8AB3}.Debug|ARM.Build.0 = Debug|Any CPU
		{789A07F0-1CD5-4A17-9898-DD88BF3A8AB3}.Debug|x64.ActiveCfg = Debug|Any CPU
		{789A07F0-1CD5-4A17-9898-DD88BF3A8AB3}.Debug|x64.Build.0 = Debug|Any CPU
		{789A07F0-1CD5-4A17-9898-DD88BF3A8AB3}.Debug|x86.ActiveCfg = Debug|Any CPU
		{789A07F0-1CD5-4A17-9898-DD88BF3A8AB3}.Debug|x86.Build.0 = Debug|Any CPU
		{789A07F0-1CD5-4A17-9898-DD88BF3A8AB3}.Release|Any CPU.ActiveCfg = Release|Any CPU
		{789A07F0-1CD5-4A17-9898-DD88BF3A8AB3}.Release|Any CPU.Build.0 = Release|Any CPU
		{789A07F0-1CD5-4A17-9898-DD88BF3A8AB3}.Release|ARM.ActiveCfg = Release|Any CPU
		{789A07F0-1CD5-4A17-9898-DD88BF3A8AB3}.Release|ARM.Build.0 = Release|Any CPU
		{789A07F0-1CD5-4A17-9898-DD88BF3A8AB3}.Release|x64.ActiveCfg = Release|Any CPU
		{789A07F0-1CD5-4A17-9898-DD88BF3A8AB3}.Release|x64.Build.0 = Release|Any CPU
		{789A07F0-1CD5-4A17-9898-DD88BF3A8AB3}.Release|x86.ActiveCfg = Release|Any CPU
		{789A07F0-1CD5-4A17-9898-DD88BF3A8AB3}.Release|x86.Build.0 = Release|Any CPU
		{5D7F90A9-30F6-4728-BD61-7757AF3EE474}.Debug|Any CPU.ActiveCfg = Debug|x86
		{5D7F90A9-30F6-4728-BD61-7757AF3EE474}.Debug|ARM.ActiveCfg = Debug|ARM
		{5D7F90A9-30F6-4728-BD61-7757AF3EE474}.Debug|ARM.Build.0 = Debug|ARM
		{5D7F90A9-30F6-4728-BD61-7757AF3EE474}.Debug|ARM.Deploy.0 = Debug|ARM
		{5D7F90A9-30F6-4728-BD61-7757AF3EE474}.Debug|x64.ActiveCfg = Debug|x64
		{5D7F90A9-30F6-4728-BD61-7757AF3EE474}.Debug|x64.Build.0 = Debug|x64
		{5D7F90A9-30F6-4728-BD61-7757AF3EE474}.Debug|x64.Deploy.0 = Debug|x64
		{5D7F90A9-30F6-4728-BD61-7757AF3EE474}.Debug|x86.ActiveCfg = Debug|x86
		{5D7F90A9-30F6-4728-BD61-7757AF3EE474}.Debug|x86.Build.0 = Debug|x86
		{5D7F90A9-30F6-4728-BD61-7757AF3EE474}.Debug|x86.Deploy.0 = Debug|x86
		{5D7F90A9-30F6-4728-BD61-7757AF3EE474}.Release|Any CPU.ActiveCfg = Release|x86
		{5D7F90A9-30F6-4728-BD61-7757AF3EE474}.Release|ARM.ActiveCfg = Release|ARM
		{5D7F90A9-30F6-4728-BD61-7757AF3EE474}.Release|ARM.Build.0 = Release|ARM
		{5D7F90A9-30F6-4728-BD61-7757AF3EE474}.Release|ARM.Deploy.0 = Release|ARM
		{5D7F90A9-30F6-4728-BD61-7757AF3EE474}.Release|x64.ActiveCfg = Release|x64
		{5D7F90A9-30F6-4728-BD61-7757AF3EE474}.Release|x64.Build.0 = Release|x64
		{5D7F90A9-30F6-4728-BD61-7757AF3EE474}.Release|x64.Deploy.0 = Release|x64
		{5D7F90A9-30F6-4728-BD61-7757AF3EE474}.Release|x86.ActiveCfg = Release|x86
		{5D7F90A9-30F6-4728-BD61-7757AF3EE474}.Release|x86.Build.0 = Release|x86
		{5D7F90A9-30F6-4728-BD61-7757AF3EE474}.Release|x86.Deploy.0 = Release|x86
		{12713473-A282-4C61-A08A-F6D2B570D589}.Debug|Any CPU.ActiveCfg = Debug|x86
		{12713473-A282-4C61-A08A-F6D2B570D589}.Debug|ARM.ActiveCfg = Debug|ARM
		{12713473-A282-4C61-A08A-F6D2B570D589}.Debug|ARM.Build.0 = Debug|ARM
		{12713473-A282-4C61-A08A-F6D2B570D589}.Debug|ARM.Deploy.0 = Debug|ARM
		{12713473-A282-4C61-A08A-F6D2B570D589}.Debug|x64.ActiveCfg = Debug|x64
		{12713473-A282-4C61-A08A-F6D2B570D589}.Debug|x64.Build.0 = Debug|x64
		{12713473-A282-4C61-A08A-F6D2B570D589}.Debug|x64.Deploy.0 = Debug|x64
		{12713473-A282-4C61-A08A-F6D2B570D589}.Debug|x86.ActiveCfg = Debug|x86
		{12713473-A282-4C61-A08A-F6D2B570D589}.Debug|x86.Build.0 = Debug|x86
		{12713473-A282-4C61-A08A-F6D2B570D589}.Debug|x86.Deploy.0 = Debug|x86
		{12713473-A282-4C61-A08A-F6D2B570D589}.Release|Any CPU.ActiveCfg = Release|x86
		{12713473-A282-4C61-A08A-F6D2B570D589}.Release|ARM.ActiveCfg = Release|ARM
		{12713473-A282-4C61-A08A-F6D2B570D589}.Release|ARM.Build.0 = Release|ARM
		{12713473-A282-4C61-A08A-F6D2B570D589}.Release|ARM.Deploy.0 = Release|ARM
		{12713473-A282-4C61-A08A-F6D2B570D589}.Release|x64.ActiveCfg = Release|x64
		{12713473-A282-4C61-A08A-F6D2B570D589}.Release|x64.Build.0 = Release|x64
		{12713473-A282-4C61-A08A-F6D2B570D589}.Release|x64.Deploy.0 = Release|x64
		{12713473-A282-4C61-A08A-F6D2B570D589}.Release|x86.ActiveCfg = Release|x86
		{12713473-A282-4C61-A08A-F6D2B570D589}.Release|x86.Build.0 = Release|x86
		{12713473-A282-4C61-A08A-F6D2B570D589}.Release|x86.Deploy.0 = Release|x86
		{7E41B495-D810-49EC-AB74-1435993BFE82}.Debug|Any CPU.ActiveCfg = Debug|Any CPU
		{7E41B495-D810-49EC-AB74-1435993BFE82}.Debug|Any CPU.Build.0 = Debug|Any CPU
		{7E41B495-D810-49EC-AB74-1435993BFE82}.Debug|ARM.ActiveCfg = Debug|Any CPU
		{7E41B495-D810-49EC-AB74-1435993BFE82}.Debug|ARM.Build.0 = Debug|Any CPU
		{7E41B495-D810-49EC-AB74-1435993BFE82}.Debug|x64.ActiveCfg = Debug|Any CPU
		{7E41B495-D810-49EC-AB74-1435993BFE82}.Debug|x64.Build.0 = Debug|Any CPU
		{7E41B495-D810-49EC-AB74-1435993BFE82}.Debug|x86.ActiveCfg = Debug|Any CPU
		{7E41B495-D810-49EC-AB74-1435993BFE82}.Debug|x86.Build.0 = Debug|Any CPU
		{7E41B495-D810-49EC-AB74-1435993BFE82}.Release|Any CPU.ActiveCfg = Release|Any CPU
		{7E41B495-D810-49EC-AB74-1435993BFE82}.Release|Any CPU.Build.0 = Release|Any CPU
		{7E41B495-D810-49EC-AB74-1435993BFE82}.Release|ARM.ActiveCfg = Release|Any CPU
		{7E41B495-D810-49EC-AB74-1435993BFE82}.Release|ARM.Build.0 = Release|Any CPU
		{7E41B495-D810-49EC-AB74-1435993BFE82}.Release|x64.ActiveCfg = Release|Any CPU
		{7E41B495-D810-49EC-AB74-1435993BFE82}.Release|x64.Build.0 = Release|Any CPU
		{7E41B495-D810-49EC-AB74-1435993BFE82}.Release|x86.ActiveCfg = Release|Any CPU
		{7E41B495-D810-49EC-AB74-1435993BFE82}.Release|x86.Build.0 = Release|Any CPU
	EndGlobalSection
	GlobalSection(SolutionProperties) = preSolution
		HideSolutionNode = FALSE
	EndGlobalSection
	GlobalSection(NestedProjects) = preSolution
		{41AB8325-6683-44FD-BE43-48783629D6C8} = {14884CD2-2BCD-4435-A98A-A3A00C698D8E}
		{598A3784-0A27-42F9-AAA3-5E935FFC9F04} = {14884CD2-2BCD-4435-A98A-A3A00C698D8E}
		{49272653-3D08-4485-B822-1F2784833D09} = {14884CD2-2BCD-4435-A98A-A3A00C698D8E}
		{789A07F0-1CD5-4A17-9898-DD88BF3A8AB3} = {14884CD2-2BCD-4435-A98A-A3A00C698D8E}
		{5D7F90A9-30F6-4728-BD61-7757AF3EE474} = {14884CD2-2BCD-4435-A98A-A3A00C698D8E}
		{12713473-A282-4C61-A08A-F6D2B570D589} = {14884CD2-2BCD-4435-A98A-A3A00C698D8E}
		{7E41B495-D810-49EC-AB74-1435993BFE82} = {14884CD2-2BCD-4435-A98A-A3A00C698D8E}
	EndGlobalSection
	GlobalSection(ExtensibilityGlobals) = postSolution
		SolutionGuid = {D6BD9231-5CE9-4725-AF5F-AB3A1C3587DD}
	EndGlobalSection
EndGlobal
